
Microsoft Visual Studio Solution File, Format Version 12.00
# Visual Studio Version 16
VisualStudioVersion = 16.0.29306.81
MinimumVisualStudioVersion = 10.0.40219.1
Project("{FAE04EC0-301F-11D3-BF4B-00C04F79EFBC}") = "AspIdentity", "AspIdentity.csproj", "{169CC30F-57CD-454E-86A7-7366944555E4}"
EndProject
Global
	GlobalSection(SolutionConfigurationPlatforms) = preSolution
		Debug|Any CPU = Debug|Any CPU
		Release|Any CPU = Release|Any CPU
	EndGlobalSection
	GlobalSection(ProjectConfigurationPlatforms) = postSolution
		{169CC30F-57CD-454E-86A7-7366944555E4}.Debug|Any CPU.ActiveCfg = Debug|Any CPU
		{169CC30F-57CD-454E-86A7-7366944555E4}.Debug|Any CPU.Build.0 = Debug|Any CPU
		{169CC30F-57CD-454E-86A7-7366944555E4}.Release|Any CPU.ActiveCfg = Release|Any CPU
		{169CC30F-57CD-454E-86A7-7366944555E4}.Release|Any CPU.Build.0 = Release|Any CPU
	EndGlobalSection
	GlobalSection(SolutionProperties) = preSolution
		HideSolutionNode = FALSE
	EndGlobalSection
	GlobalSection(ExtensibilityGlobals) = postSolution
		SolutionGuid = {285D19D3-916B-48A5-A0E9-D7E9C906D67C}
	EndGlobalSection
EndGlobal
